
Microsoft Visual Studio Solution File, Format Version 12.00
# Visual Studio 14
VisualStudioVersion = 14.0.25123.0
MinimumVisualStudioVersion = 10.0.40219.1
Project("{FAE04EC0-301F-11D3-BF4B-00C04F79EFBC}") = "PermCheck.Core", "PermCheck.Core\PermCheck.Core.csproj", "{DABC9B79-6FDB-41CD-BD0B-74E1867F4F1C}"
EndProject
Project("{FAE04EC0-301F-11D3-BF4B-00C04F79EFBC}") = "PermCheck.Tests", "PermCheck.Tests\PermCheck.Tests.csproj", "{56608428-56D6-40C5-92D9-8731AE00D20E}"
EndProject
Global
	GlobalSection(SolutionConfigurationPlatforms) = preSolution
		Debug|Any CPU = Debug|Any CPU
		Release|Any CPU = Release|Any CPU
	EndGlobalSection
	GlobalSection(ProjectConfigurationPlatforms) = postSolution
		{DABC9B79-6FDB-41CD-BD0B-74E1867F4F1C}.Debug|Any CPU.ActiveCfg = Debug|Any CPU
		{DABC9B79-6FDB-41CD-BD0B-74E1867F4F1C}.Debug|Any CPU.Build.0 = Debug|Any CPU
		{DABC9B79-6FDB-41CD-BD0B-74E1867F4F1C}.Release|Any CPU.ActiveCfg = Release|Any CPU
		{DABC9B79-6FDB-41CD-BD0B-74E1867F4F1C}.Release|Any CPU.Build.0 = Release|Any CPU
		{56608428-56D6-40C5-92D9-8731AE00D20E}.Debug|Any CPU.ActiveCfg = Debug|Any CPU
		{56608428-56D6-40C5-92D9-8731AE00D20E}.Debug|Any CPU.Build.0 = Debug|Any CPU
		{56608428-56D6-40C5-92D9-8731AE00D20E}.Release|Any CPU.ActiveCfg = Release|Any CPU
		{56608428-56D6-40C5-92D9-8731AE00D20E}.Release|Any CPU.Build.0 = Release|Any CPU
	EndGlobalSection
	GlobalSection(SolutionProperties) = preSolution
		HideSolutionNode = FALSE
	EndGlobalSection
EndGlobal
